
Microsoft Visual Studio Solution File, Format Version 12.00
# Visual Studio Version 17
VisualStudioVersion = 17.9.34728.123
MinimumVisualStudioVersion = 10.0.40219.1
Project("{2150E333-8FDC-42A3-9474-1A3956D46DE8}") = "Order", "Order", "{0F859BC0-40C8-49B7-8470-B58CAB727578}"
EndProject
Project("{2150E333-8FDC-42A3-9474-1A3956D46DE8}") = "Stock", "Stock", "{9EFEB3B9-DD6C-49AA-B120-05686A1475A8}"
EndProject
Project("{2150E333-8FDC-42A3-9474-1A3956D46DE8}") = "Payment", "Payment", "{9D7108C0-E76A-45CB-AE43-A168CA7B6C12}"
EndProject
Project("{FAE04EC0-301F-11D3-BF4B-00C04F79EFBC}") = "Order.Repository", "Order.Repository\Order.Repository.csproj", "{FB4687D2-EC25-4664-9B8C-261BEBDF581A}"
EndProject
Project("{FAE04EC0-301F-11D3-BF4B-00C04F79EFBC}") = "Order.Service", "Order.Service\Order.Service.csproj", "{7802A134-0BB2-479E-9468-B022CAE760A9}"
EndProject
Project("{FAE04EC0-301F-11D3-BF4B-00C04F79EFBC}") = "Order.API", "Order.API\Order.API.csproj", "{0A8BDD3F-74DB-43A8-A203-FE0839D82184}"
EndProject
Project("{FAE04EC0-301F-11D3-BF4B-00C04F79EFBC}") = "Stock.Repository", "Stock.Repository\Stock.Repository.csproj", "{41896642-CFF6-4888-8955-FBA5C3C10D70}"
EndProject
Project("{FAE04EC0-301F-11D3-BF4B-00C04F79EFBC}") = "Stock.Service", "Stock.Service\Stock.Service.csproj", "{B7385856-61CC-4892-A528-38840FBD97EE}"
EndProject
Project("{FAE04EC0-301F-11D3-BF4B-00C04F79EFBC}") = "Stock.API", "Stock.API\Stock.API.csproj", "{3D5B0FF3-8003-4204-BBCD-2D811EBF3B8D}"
EndProject
Project("{2150E333-8FDC-42A3-9474-1A3956D46DE8}") = "Bus", "Bus", "{B03DD3D1-4831-4F23-BDFB-3876637F13A0}"
EndProject
Project("{FAE04EC0-301F-11D3-BF4B-00C04F79EFBC}") = "ServiceBus", "ServiceBus\ServiceBus.csproj", "{92895E09-D013-497C-AC39-7969C8712E48}"
EndProject
Global
	GlobalSection(SolutionConfigurationPlatforms) = preSolution
		Debug|Any CPU = Debug|Any CPU
		Release|Any CPU = Release|Any CPU
	EndGlobalSection
	GlobalSection(ProjectConfigurationPlatforms) = postSolution
		{FB4687D2-EC25-4664-9B8C-261BEBDF581A}.Debug|Any CPU.ActiveCfg = Debug|Any CPU
		{FB4687D2-EC25-4664-9B8C-261BEBDF581A}.Debug|Any CPU.Build.0 = Debug|Any CPU
		{FB4687D2-EC25-4664-9B8C-261BEBDF581A}.Release|Any CPU.ActiveCfg = Release|Any CPU
		{FB4687D2-EC25-4664-9B8C-261BEBDF581A}.Release|Any CPU.Build.0 = Release|Any CPU
		{7802A134-0BB2-479E-9468-B022CAE760A9}.Debug|Any CPU.ActiveCfg = Debug|Any CPU
		{7802A134-0BB2-479E-9468-B022CAE760A9}.Debug|Any CPU.Build.0 = Debug|Any CPU
		{7802A134-0BB2-479E-9468-B022CAE760A9}.Release|Any CPU.ActiveCfg = Release|Any CPU
		{7802A134-0BB2-479E-9468-B022CAE760A9}.Release|Any CPU.Build.0 = Release|Any CPU
		{0A8BDD3F-74DB-43A8-A203-FE0839D82184}.Debug|Any CPU.ActiveCfg = Debug|Any CPU
		{0A8BDD3F-74DB-43A8-A203-FE0839D82184}.Debug|Any CPU.Build.0 = Debug|Any CPU
		{0A8BDD3F-74DB-43A8-A203-FE0839D82184}.Release|Any CPU.ActiveCfg = Release|Any CPU
		{0A8BDD3F-74DB-43A8-A203-FE0839D82184}.Release|Any CPU.Build.0 = Release|Any CPU
		{41896642-CFF6-4888-8955-FBA5C3C10D70}.Debug|Any CPU.ActiveCfg = Debug|Any CPU
		{41896642-CFF6-4888-8955-FBA5C3C10D70}.Debug|Any CPU.Build.0 = Debug|Any CPU
		{41896642-CFF6-4888-8955-FBA5C3C10D70}.Release|Any CPU.ActiveCfg = Release|Any CPU
		{41896642-CFF6-4888-8955-FBA5C3C10D70}.Release|Any CPU.Build.0 = Release|Any CPU
		{B7385856-61CC-4892-A528-38840FBD97EE}.Debug|Any CPU.ActiveCfg = Debug|Any CPU
		{B7385856-61CC-4892-A528-38840FBD97EE}.Debug|Any CPU.Build.0 = Debug|Any CPU
		{B7385856-61CC-4892-A528-38840FBD97EE}.Release|Any CPU.ActiveCfg = Release|Any CPU
		{B7385856-61CC-4892-A528-38840FBD97EE}.Release|Any CPU.Build.0 = Release|Any CPU
		{3D5B0FF3-8003-4204-BBCD-2D811EBF3B8D}.Debug|Any CPU.ActiveCfg = Debug|Any CPU
		{3D5B0FF3-8003-4204-BBCD-2D811EBF3B8D}.Debug|Any CPU.Build.0 = Debug|Any CPU
		{3D5B0FF3-8003-4204-BBCD-2D811EBF3B8D}.Release|Any CPU.ActiveCfg = Release|Any CPU
		{3D5B0FF3-8003-4204-BBCD-2D811EBF3B8D}.Release|Any CPU.Build.0 = Release|Any CPU
		{92895E09-D013-497C-AC39-7969C8712E48}.Debug|Any CPU.ActiveCfg = Debug|Any CPU
		{92895E09-D013-497C-AC39-7969C8712E48}.Debug|Any CPU.Build.0 = Debug|Any CPU
		{92895E09-D013-497C-AC39-7969C8712E48}.Release|Any CPU.ActiveCfg = Release|Any CPU
		{92895E09-D013-497C-AC39-7969C8712E48}.Release|Any CPU.Build.0 = Release|Any CPU
	EndGlobalSection
	GlobalSection(SolutionProperties) = preSolution
		HideSolutionNode = FALSE
	EndGlobalSection
	GlobalSection(NestedProjects) = preSolution
		{FB4687D2-EC25-4664-9B8C-261BEBDF581A} = {0F859BC0-40C8-49B7-8470-B58CAB727578}
		{7802A134-0BB2-479E-9468-B022CAE760A9} = {0F859BC0-40C8-49B7-8470-B58CAB727578}
		{0A8BDD3F-74DB-43A8-A203-FE0839D82184} = {0F859BC0-40C8-49B7-8470-B58CAB727578}
		{41896642-CFF6-4888-8955-FBA5C3C10D70} = {9EFEB3B9-DD6C-49AA-B120-05686A1475A8}
		{B7385856-61CC-4892-A528-38840FBD97EE} = {9EFEB3B9-DD6C-49AA-B120-05686A1475A8}
		{3D5B0FF3-8003-4204-BBCD-2D811EBF3B8D} = {9EFEB3B9-DD6C-49AA-B120-05686A1475A8}
		{92895E09-D013-497C-AC39-7969C8712E48} = {B03DD3D1-4831-4F23-BDFB-3876637F13A0}
	EndGlobalSection
	GlobalSection(ExtensibilityGlobals) = postSolution
		SolutionGuid = {A9F369F1-DA13-4C49-A267-BA40E36B83D9}
	EndGlobalSection
EndGlobal
